
Microsoft Visual Studio Solution File, Format Version 12.00
# Visual Studio Version 16
VisualStudioVersion = 16.0.31025.194
MinimumVisualStudioVersion = 10.0.40219.1
Project("{FAE04EC0-301F-11D3-BF4B-00C04F79EFBC}") = "EquationEvaluator", "EquationEvaluator\EquationEvaluator.csproj", "{5CA4279B-6DC6-4C5C-985E-F6AFC7DE9F2B}"
EndProject
Global
	GlobalSection(SolutionConfigurationPlatforms) = preSolution
		Debug|Any CPU = Debug|Any CPU
		Release|Any CPU = Release|Any CPU
	EndGlobalSection
	GlobalSection(ProjectConfigurationPlatforms) = postSolution
		{5CA4279B-6DC6-4C5C-985E-F6AFC7DE9F2B}.Debug|Any CPU.ActiveCfg = Debug|Any CPU
		{5CA4279B-6DC6-4C5C-985E-F6AFC7DE9F2B}.Debug|Any CPU.Build.0 = Debug|Any CPU
		{5CA4279B-6DC6-4C5C-985E-F6AFC7DE9F2B}.Release|Any CPU.ActiveCfg = Release|Any CPU
		{5CA4279B-6DC6-4C5C-985E-F6AFC7DE9F2B}.Release|Any CPU.Build.0 = Release|Any CPU
	EndGlobalSection
	GlobalSection(SolutionProperties) = preSolution
		HideSolutionNode = FALSE
	EndGlobalSection
	GlobalSection(ExtensibilityGlobals) = postSolution
		SolutionGuid = {53B44AE2-24D6-400F-9340-026B97CF3C60}
	EndGlobalSection
EndGlobal
